
Microsoft Visual Studio Solution File, Format Version 12.00
# Visual Studio Version 16
VisualStudioVersion = 16.0.29613.14
MinimumVisualStudioVersion = 10.0.40219.1
Project("{FAE04EC0-301F-11D3-BF4B-00C04F79EFBC}") = "Lab9RefactoringLab8", "Lab9RefactoringLab8\Lab9RefactoringLab8.csproj", "{9285EC82-8C5D-4053-A8AA-AF8C70E33D3E}"
EndProject
Global
	GlobalSection(SolutionConfigurationPlatforms) = preSolution
		Debug|Any CPU = Debug|Any CPU
		Release|Any CPU = Release|Any CPU
	EndGlobalSection
	GlobalSection(ProjectConfigurationPlatforms) = postSolution
		{9285EC82-8C5D-4053-A8AA-AF8C70E33D3E}.Debug|Any CPU.ActiveCfg = Debug|Any CPU
		{9285EC82-8C5D-4053-A8AA-AF8C70E33D3E}.Debug|Any CPU.Build.0 = Debug|Any CPU
		{9285EC82-8C5D-4053-A8AA-AF8C70E33D3E}.Release|Any CPU.ActiveCfg = Release|Any CPU
		{9285EC82-8C5D-4053-A8AA-AF8C70E33D3E}.Release|Any CPU.Build.0 = Release|Any CPU
	EndGlobalSection
	GlobalSection(SolutionProperties) = preSolution
		HideSolutionNode = FALSE
	EndGlobalSection
	GlobalSection(ExtensibilityGlobals) = postSolution
		SolutionGuid = {F79A7C39-FFED-4FEC-A6EC-4833D29957B1}
	EndGlobalSection
EndGlobal
